
Microsoft Visual Studio Solution File, Format Version 12.00
Project("{FAE04EC0-301F-11D3-BF4B-00C04F79EFBC}") = "PasswordCracker", "PasswordCracker\PasswordCracker.csproj", "{BFC2D406-43E9-427E-9D64-C22684F7614B}"
EndProject
Global
	GlobalSection(SolutionConfigurationPlatforms) = preSolution
		Debug|Any CPU = Debug|Any CPU
		Release|Any CPU = Release|Any CPU
	EndGlobalSection
	GlobalSection(ProjectConfigurationPlatforms) = postSolution
		{BFC2D406-43E9-427E-9D64-C22684F7614B}.Debug|Any CPU.ActiveCfg = Debug|Any CPU
		{BFC2D406-43E9-427E-9D64-C22684F7614B}.Debug|Any CPU.Build.0 = Debug|Any CPU
		{BFC2D406-43E9-427E-9D64-C22684F7614B}.Release|Any CPU.ActiveCfg = Release|Any CPU
		{BFC2D406-43E9-427E-9D64-C22684F7614B}.Release|Any CPU.Build.0 = Release|Any CPU
	EndGlobalSection
EndGlobal
